# This file is autogenerated, do not edit; changes may be undone by the next 'dep ensure'.


[[projects]]
  branch = "master"
  digest = "1:9a237ca2213e9268b60349ed082a326d8ecc63c1c18749b22fce908971805e73"
  name = "github.com/contestedventures/testpackage"
  packages = ["."]
  pruneopts = "UT"
  revision = "e7e2bd418a66661015ebca697b439b1cdaa1cc20"

[solve-meta]
  analyzer-name = "dep"
  analyzer-version = 1
  input-imports = ["github.com/contestedventures/testpackage"]
  solver-name = "gps-cdcl"
  solver-version = 1
