# This file is autogenerated, do not edit; changes may be undone by the next 'dep ensure'.


[[projects]]
  branch = "master"
  digest = "1:f305fbfc94b484e0d0c3dd84eca1b58c7d63f7bcc2c350e9514969502312b6c2"
  name = "github.com/contestedventures/testpackage"
  packages = ["."]
  pruneopts = "UT"
  revision = "5600456911e410df37a297076f110eee9f6fd56c"

[solve-meta]
  analyzer-name = "dep"
  analyzer-version = 1
  input-imports = ["github.com/contestedventures/testpackage"]
  solver-name = "gps-cdcl"
  solver-version = 1
