# This file is autogenerated, do not edit; changes may be undone by the next 'dep ensure'.


[[projects]]
  branch = "master"
  digest = "1:a87c25f9a9920a0310249e99dfd8ce60e2a5719f91a8aa8d274505be0674b1f8"
  name = "github.com/contestedventures/testpackage"
  packages = ["."]
  pruneopts = "UT"
  revision = "8f29501e7770df6ad06126854e39159d3dcee500"

[solve-meta]
  analyzer-name = "dep"
  analyzer-version = 1
  input-imports = ["github.com/contestedventures/testpackage"]
  solver-name = "gps-cdcl"
  solver-version = 1
